
Microsoft Visual Studio Solution File, Format Version 12.00
# Visual Studio 15
VisualStudioVersion = 15.0.27703.2026
MinimumVisualStudioVersion = 10.0.40219.1
Project("{FAE04EC0-301F-11D3-BF4B-00C04F79EFBC}") = "AdamsPuzzle-Anagram", "AdamsPuzzle-Anagram\AdamsPuzzle-Anagram.csproj", "{5BF33B4D-6A00-4ABC-9C0E-EB288A24091F}"
EndProject
Global
	GlobalSection(SolutionConfigurationPlatforms) = preSolution
		Debug|Any CPU = Debug|Any CPU
		Release|Any CPU = Release|Any CPU
	EndGlobalSection
	GlobalSection(ProjectConfigurationPlatforms) = postSolution
		{5BF33B4D-6A00-4ABC-9C0E-EB288A24091F}.Debug|Any CPU.ActiveCfg = Debug|Any CPU
		{5BF33B4D-6A00-4ABC-9C0E-EB288A24091F}.Debug|Any CPU.Build.0 = Debug|Any CPU
		{5BF33B4D-6A00-4ABC-9C0E-EB288A24091F}.Release|Any CPU.ActiveCfg = Release|Any CPU
		{5BF33B4D-6A00-4ABC-9C0E-EB288A24091F}.Release|Any CPU.Build.0 = Release|Any CPU
	EndGlobalSection
	GlobalSection(SolutionProperties) = preSolution
		HideSolutionNode = FALSE
	EndGlobalSection
	GlobalSection(ExtensibilityGlobals) = postSolution
		SolutionGuid = {1A6809C9-7042-4D66-9681-E0CB75A12E84}
	EndGlobalSection
EndGlobal
